
Microsoft Visual Studio Solution File, Format Version 12.00
# Visual Studio Version 16
VisualStudioVersion = 16.0.31424.327
MinimumVisualStudioVersion = 10.0.40219.1
Project("{888888A0-9F3D-457C-B088-3A5042F75D52}") = "Face Recognition", "Face Recognition\Face Recognition.pyproj", "{7C37A81D-C4C3-486B-A4D8-F313016F056C}"
EndProject
Global
	GlobalSection(SolutionConfigurationPlatforms) = preSolution
		Debug|Any CPU = Debug|Any CPU
		Release|Any CPU = Release|Any CPU
	EndGlobalSection
	GlobalSection(ProjectConfigurationPlatforms) = postSolution
		{7C37A81D-C4C3-486B-A4D8-F313016F056C}.Debug|Any CPU.ActiveCfg = Debug|Any CPU
		{7C37A81D-C4C3-486B-A4D8-F313016F056C}.Release|Any CPU.ActiveCfg = Release|Any CPU
	EndGlobalSection
	GlobalSection(SolutionProperties) = preSolution
		HideSolutionNode = FALSE
	EndGlobalSection
	GlobalSection(ExtensibilityGlobals) = postSolution
		SolutionGuid = {6EA496C0-3686-4407-9062-E1F19C49D4DC}
	EndGlobalSection
EndGlobal
